// !$*UTF8*$!
{
	archiveVersion = 1;
	classes = {
	};
	objectVersion = 48;
	objects = {

/* Begin PBXBuildFile section */
		A30BFE92205FA7E2009BD21F /* AppDelegate.swift in Sources */ = {isa = PBXBuildFile; fileRef = A30BFE91205FA7E2009BD21F /* AppDelegate.swift */; };
		A30BFE94205FA7E2009BD21F /* ViewController.swift in Sources */ = {isa = PBXBuildFile; fileRef = A30BFE93205FA7E2009BD21F /* ViewController.swift */; };
		A30BFE97205FA7E2009BD21F /* Main.storyboard in Resources */ = {isa = PBXBuildFile; fileRef = A30BFE95205FA7E2009BD21F /* Main.storyboard */; };
		A30BFE99205FA7E2009BD21F /* Assets.xcassets in Resources */ = {isa = PBXBuildFile; fileRef = A30BFE98205FA7E2009BD21F /* Assets.xcassets */; };
		A30BFE9C205FA7E2009BD21F /* LaunchScreen.storyboard in Resources */ = {isa = PBXBuildFile; fileRef = A30BFE9A205FA7E2009BD21F /* LaunchScreen.storyboard */; };
		A30BFEA7205FA7E2009BD21F /* MusicAppUITests.swift in Sources */ = {isa = PBXBuildFile; fileRef = A30BFEA6205FA7E2009BD21F /* MusicAppUITests.swift */; };
		A30BFEB7205FAB1E009BD21F /* SongTableViewCell.swift in Sources */ = {isa = PBXBuildFile; fileRef = A30BFEB5205FAB1E009BD21F /* SongTableViewCell.swift */; };
		A30BFEB8205FAB1E009BD21F /* SongTableViewCell.xib in Resources */ = {isa = PBXBuildFile; fileRef = A30BFEB6205FAB1E009BD21F /* SongTableViewCell.xib */; };
		A30BFEBE20610B2F009BD21F /* PlayerViewController.swift in Sources */ = {isa = PBXBuildFile; fileRef = A30BFEBD20610B2F009BD21F /* PlayerViewController.swift */; };
		A30BFEC020610C47009BD21F /* SongQuery.swift in Sources */ = {isa = PBXBuildFile; fileRef = A30BFEBF20610C47009BD21F /* SongQuery.swift */; };
/* End PBXBuildFile section */

/* Begin PBXContainerItemProxy section */
		A30BFEA3205FA7E2009BD21F /* PBXContainerItemProxy */ = {
			isa = PBXContainerItemProxy;
			containerPortal = A30BFE86205FA7E2009BD21F /* Project object */;
			proxyType = 1;
			remoteGlobalIDString = A30BFE8D205FA7E2009BD21F;
			remoteInfo = MusicApp;
		};
/* End PBXContainerItemProxy section */

/* Begin PBXFileReference section */
		A30BFE8E205FA7E2009BD21F /* MusicApp.app */ = {isa = PBXFileReference; explicitFileType = wrapper.application; includeInIndex = 0; path = MusicApp.app; sourceTree = BUILT_PRODUCTS_DIR; };
		A30BFE91205FA7E2009BD21F /* AppDelegate.swift */ = {isa = PBXFileReference; lastKnownFileType = sourcecode.swift; path = AppDelegate.swift; sourceTree = "<group>"; };
		A30BFE93205FA7E2009BD21F /* ViewController.swift */ = {isa = PBXFileReference; lastKnownFileType = sourcecode.swift; path = ViewController.swift; sourceTree = "<group>"; };
		A30BFE96205FA7E2009BD21F /* Base */ = {isa = PBXFileReference; lastKnownFileType = file.storyboard; name = Base; path = Base.lproj/Main.storyboard; sourceTree = "<group>"; };
		A30BFE98205FA7E2009BD21F /* Assets.xcassets */ = {isa = PBXFileReference; lastKnownFileType = folder.assetcatalog; path = Assets.xcassets; sourceTree = "<group>"; };
		A30BFE9B205FA7E2009BD21F /* Base */ = {isa = PBXFileReference; lastKnownFileType = file.storyboard; name = Base; path = Base.lproj/LaunchScreen.storyboard; sourceTree = "<group>"; };
		A30BFE9D205FA7E2009BD21F /* Info.plist */ = {isa = PBXFileReference; lastKnownFileType = text.plist.xml; path = Info.plist; sourceTree = "<group>"; };
		A30BFEA2205FA7E2009BD21F /* MusicAppUITests.xctest */ = {isa = PBXFileReference; explicitFileType = wrapper.cfbundle; includeInIndex = 0; path = MusicAppUITests.xctest; sourceTree = BUILT_PRODUCTS_DIR; };
		A30BFEA6205FA7E2009BD21F /* MusicAppUITests.swift */ = {isa = PBXFileReference; lastKnownFileType = sourcecode.swift; path = MusicAppUITests.swift; sourceTree = "<group>"; };
		A30BFEA8205FA7E2009BD21F /* Info.plist */ = {isa = PBXFileReference; lastKnownFileType = text.plist.xml; path = Info.plist; sourceTree = "<group>"; };
		A30BFEB5205FAB1E009BD21F /* SongTableViewCell.swift */ = {isa = PBXFileReference; lastKnownFileType = sourcecode.swift; path = SongTableViewCell.swift; sourceTree = "<group>"; };
		A30BFEB6205FAB1E009BD21F /* SongTableViewCell.xib */ = {isa = PBXFileReference; lastKnownFileType = file.xib; path = SongTableViewCell.xib; sourceTree = "<group>"; };
		A30BFEBD20610B2F009BD21F /* PlayerViewController.swift */ = {isa = PBXFileReference; lastKnownFileType = sourcecode.swift; path = PlayerViewController.swift; sourceTree = "<group>"; };
		A30BFEBF20610C47009BD21F /* SongQuery.swift */ = {isa = PBXFileReference; lastKnownFileType = sourcecode.swift; path = SongQuery.swift; sourceTree = "<group>"; };
/* End PBXFileReference section */

/* Begin PBXFrameworksBuildPhase section */
		A30BFE8B205FA7E2009BD21F /* Frameworks */ = {
			isa = PBXFrameworksBuildPhase;
			buildActionMask = 2147483647;
			files = (
			);
			runOnlyForDeploymentPostprocessing = 0;
		};
		A30BFE9F205FA7E2009BD21F /* Frameworks */ = {
			isa = PBXFrameworksBuildPhase;
			buildActionMask = 2147483647;
			files = (
			);
			runOnlyForDeploymentPostprocessing = 0;
		};
/* End PBXFrameworksBuildPhase section */

/* Begin PBXGroup section */
		A30BFE85205FA7E2009BD21F = {
			isa = PBXGroup;
			children = (
				A30BFE90205FA7E2009BD21F /* MusicApp */,
				A30BFEA5205FA7E2009BD21F /* MusicAppUITests */,
				A30BFE8F205FA7E2009BD21F /* Products */,
			);
			sourceTree = "<group>";
		};
		A30BFE8F205FA7E2009BD21F /* Products */ = {
			isa = PBXGroup;
			children = (
				A30BFE8E205FA7E2009BD21F /* MusicApp.app */,
				A30BFEA2205FA7E2009BD21F /* MusicAppUITests.xctest */,
			);
			name = Products;
			sourceTree = "<group>";
		};
		A30BFE90205FA7E2009BD21F /* MusicApp */ = {
			isa = PBXGroup;
			children = (
				A30BFE91205FA7E2009BD21F /* AppDelegate.swift */,
				A30BFEB1205FAAB6009BD21F /* Model */,
				A30BFEB2205FAAC3009BD21F /* View */,
				A30BFEB4205FAAEF009BD21F /* Controller */,
				A30BFE95205FA7E2009BD21F /* Main.storyboard */,
				A30BFE98205FA7E2009BD21F /* Assets.xcassets */,
				A30BFE9A205FA7E2009BD21F /* LaunchScreen.storyboard */,
				A30BFE9D205FA7E2009BD21F /* Info.plist */,
			);
			path = MusicApp;
			sourceTree = "<group>";
		};
		A30BFEA5205FA7E2009BD21F /* MusicAppUITests */ = {
			isa = PBXGroup;
			children = (
				A30BFEA6205FA7E2009BD21F /* MusicAppUITests.swift */,
				A30BFEA8205FA7E2009BD21F /* Info.plist */,
			);
			path = MusicAppUITests;
			sourceTree = "<group>";
		};
		A30BFEB1205FAAB6009BD21F /* Model */ = {
			isa = PBXGroup;
			children = (
				A30BFEBF20610C47009BD21F /* SongQuery.swift */,
			);
			path = Model;
			sourceTree = "<group>";
		};
		A30BFEB2205FAAC3009BD21F /* View */ = {
			isa = PBXGroup;
			children = (
				A30BFEB5205FAB1E009BD21F /* SongTableViewCell.swift */,
				A30BFEB6205FAB1E009BD21F /* SongTableViewCell.xib */,
			);
			path = View;
			sourceTree = "<group>";
		};
		A30BFEB4205FAAEF009BD21F /* Controller */ = {
			isa = PBXGroup;
			children = (
				A30BFE93205FA7E2009BD21F /* ViewController.swift */,
				A30BFEBD20610B2F009BD21F /* PlayerViewController.swift */,
			);
			path = Controller;
			sourceTree = "<group>";
		};
/* End PBXGroup section */

/* Begin PBXNativeTarget section */
		A30BFE8D205FA7E2009BD21F /* MusicApp */ = {
			isa = PBXNativeTarget;
			buildConfigurationList = A30BFEAB205FA7E2009BD21F /* Build configuration list for PBXNativeTarget "MusicApp" */;
			buildPhases = (
				A30BFE8A205FA7E2009BD21F /* Sources */,
				A30BFE8B205FA7E2009BD21F /* Frameworks */,
				A30BFE8C205FA7E2009BD21F /* Resources */,
			);
			buildRules = (
			);
			dependencies = (
			);
			name = MusicApp;
			productName = MusicApp;
			productReference = A30BFE8E205FA7E2009BD21F /* MusicApp.app */;
			productType = "com.apple.product-type.application";
		};
		A30BFEA1205FA7E2009BD21F /* MusicAppUITests */ = {
			isa = PBXNativeTarget;
			buildConfigurationList = A30BFEAE205FA7E2009BD21F /* Build configuration list for PBXNativeTarget "MusicAppUITests" */;
			buildPhases = (
				A30BFE9E205FA7E2009BD21F /* Sources */,
				A30BFE9F205FA7E2009BD21F /* Frameworks */,
				A30BFEA0205FA7E2009BD21F /* Resources */,
			);
			buildRules = (
			);
			dependencies = (
				A30BFEA4205FA7E2009BD21F /* PBXTargetDependency */,
			);
			name = MusicAppUITests;
			productName = MusicAppUITests;
			productReference = A30BFEA2205FA7E2009BD21F /* MusicAppUITests.xctest */;
			productType = "com.apple.product-type.bundle.ui-testing";
		};
/* End PBXNativeTarget section */

/* Begin PBXProject section */
		A30BFE86205FA7E2009BD21F /* Project object */ = {
			isa = PBXProject;
			attributes = {
				LastSwiftUpdateCheck = 0920;
				LastUpgradeCheck = 0920;
				ORGANIZATIONNAME = "Prasad G";
				TargetAttributes = {
					A30BFE8D205FA7E2009BD21F = {
						CreatedOnToolsVersion = 9.2;
						ProvisioningStyle = Manual;
						SystemCapabilities = {
							com.apple.BackgroundModes = {
								enabled = 1;
							};
						};
					};
					A30BFEA1205FA7E2009BD21F = {
						CreatedOnToolsVersion = 9.2;
						ProvisioningStyle = Automatic;
						TestTargetID = A30BFE8D205FA7E2009BD21F;
					};
				};
			};
			buildConfigurationList = A30BFE89205FA7E2009BD21F /* Build configuration list for PBXProject "MusicApp" */;
			compatibilityVersion = "Xcode 8.0";
			developmentRegion = en;
			hasScannedForEncodings = 0;
			knownRegions = (
				en,
				Base,
			);
			mainGroup = A30BFE85205FA7E2009BD21F;
			productRefGroup = A30BFE8F205FA7E2009BD21F /* Products */;
			projectDirPath = "";
			projectRoot = "";
			targets = (
				A30BFE8D205FA7E2009BD21F /* MusicApp */,
				A30BFEA1205FA7E2009BD21F /* MusicAppUITests */,
			);
		};
/* End PBXProject section */

/* Begin PBXResourcesBuildPhase section */
		A30BFE8C205FA7E2009BD21F /* Resources */ = {
			isa = PBXResourcesBuildPhase;
			buildActionMask = 2147483647;
			files = (
				A30BFEB8205FAB1E009BD21F /* SongTableViewCell.xib in Resources */,
				A30BFE9C205FA7E2009BD21F /* LaunchScreen.storyboard in Resources */,
				A30BFE99205FA7E2009BD21F /* Assets.xcassets in Resources */,
				A30BFE97205FA7E2009BD21F /* Main.storyboard in Resources */,
			);
			runOnlyForDeploymentPostprocessing = 0;
		};
		A30BFEA0205FA7E2009BD21F /* Resources */ = {
			isa = PBXResourcesBuildPhase;
			buildActionMask = 2147483647;
			files = (
			);
			runOnlyForDeploymentPostprocessing = 0;
		};
/* End PBXResourcesBuildPhase section */

/* Begin PBXSourcesBuildPhase section */
		A30BFE8A205FA7E2009BD21F /* Sources */ = {
			isa = PBXSourcesBuildPhase;
			buildActionMask = 2147483647;
			files = (
				A30BFEB7205FAB1E009BD21F /* SongTableViewCell.swift in Sources */,
				A30BFEBE20610B2F009BD21F /* PlayerViewController.swift in Sources */,
				A30BFEC020610C47009BD21F /* SongQuery.swift in Sources */,
				A30BFE94205FA7E2009BD21F /* ViewController.swift in Sources */,
				A30BFE92205FA7E2009BD21F /* AppDelegate.swift in Sources */,
			);
			runOnlyForDeploymentPostprocessing = 0;
		};
		A30BFE9E205FA7E2009BD21F /* Sources */ = {
			isa = PBXSourcesBuildPhase;
			buildActionMask = 2147483647;
			files = (
				A30BFEA7205FA7E2009BD21F /* MusicAppUITests.swift in Sources */,
			);
			runOnlyForDeploymentPostprocessing = 0;
		};
/* End PBXSourcesBuildPhase section */

/* Begin PBXTargetDependency section */
		A30BFEA4205FA7E2009BD21F /* PBXTargetDependency */ = {
			isa = PBXTargetDependency;
			target = A30BFE8D205FA7E2009BD21F /* MusicApp */;
			targetProxy = A30BFEA3205FA7E2009BD21F /* PBXContainerItemProxy */;
		};
/* End PBXTargetDependency section */

/* Begin PBXVariantGroup section */
		A30BFE95205FA7E2009BD21F /* Main.storyboard */ = {
			isa = PBXVariantGroup;
			children = (
				A30BFE96205FA7E2009BD21F /* Base */,
			);
			name = Main.storyboard;
			sourceTree = "<group>";
		};
		A30BFE9A205FA7E2009BD21F /* LaunchScreen.storyboard */ = {
			isa = PBXVariantGroup;
			children = (
				A30BFE9B205FA7E2009BD21F /* Base */,
			);
			name = LaunchScreen.storyboard;
			sourceTree = "<group>";
		};
/* End PBXVariantGroup section */

/* Begin XCBuildConfiguration section */
		A30BFEA9205FA7E2009BD21F /* Debug */ = {
			isa = XCBuildConfiguration;
			buildSettings = {
				ALWAYS_SEARCH_USER_PATHS = NO;
				CLANG_ANALYZER_NONNULL = YES;
				CLANG_ANALYZER_NUMBER_OBJECT_CONVERSION = YES_AGGRESSIVE;
				CLANG_CXX_LANGUAGE_STANDARD = "gnu++14";
				CLANG_CXX_LIBRARY = "libc++";
				CLANG_ENABLE_MODULES = YES;
				CLANG_ENABLE_OBJC_ARC = YES;
				CLANG_WARN_BLOCK_CAPTURE_AUTORELEASING = YES;
				CLANG_WARN_BOOL_CONVERSION = YES;
				CLANG_WARN_COMMA = YES;
				CLANG_WARN_CONSTANT_CONVERSION = YES;
				CLANG_WARN_DIRECT_OBJC_ISA_USAGE = YES_ERROR;
				CLANG_WARN_DOCUMENTATION_COMMENTS = YES;
				CLANG_WARN_EMPTY_BODY = YES;
				CLANG_WARN_ENUM_CONVERSION = YES;
				CLANG_WARN_INFINITE_RECURSION = YES;
				CLANG_WARN_INT_CONVERSION = YES;
				CLANG_WARN_NON_LITERAL_NULL_CONVERSION = YES;
				CLANG_WARN_OBJC_LITERAL_CONVERSION = YES;
				CLANG_WARN_OBJC_ROOT_CLASS = YES_ERROR;
				CLANG_WARN_RANGE_LOOP_ANALYSIS = YES;
				CLANG_WARN_STRICT_PROTOTYPES = YES;
				CLANG_WARN_SUSPICIOUS_MOVE = YES;
				CLANG_WARN_UNGUARDED_AVAILABILITY = YES_AGGRESSIVE;
				CLANG_WARN_UNREACHABLE_CODE = YES;
				CLANG_WARN__DUPLICATE_METHOD_MATCH = YES;
				CODE_SIGN_IDENTITY = "iPhone Developer";
				COPY_PHASE_STRIP = NO;
				DEBUG_INFORMATION_FORMAT = dwarf;
				ENABLE_STRICT_OBJC_MSGSEND = YES;
				ENABLE_TESTABILITY = YES;
				GCC_C_LANGUAGE_STANDARD = gnu11;
				GCC_DYNAMIC_NO_PIC = NO;
				GCC_NO_COMMON_BLOCKS = YES;
				GCC_OPTIMIZATION_LEVEL = 0;
				GCC_PREPROCESSOR_DEFINITIONS = (
					"DEBUG=1",
					"$(inherited)",
				);
				GCC_WARN_64_TO_32_BIT_CONVERSION = YES;
				GCC_WARN_ABOUT_RETURN_TYPE = YES_ERROR;
				GCC_WARN_UNDECLARED_SELECTOR = YES;
				GCC_WARN_UNINITIALIZED_AUTOS = YES_AGGRESSIVE;
				GCC_WARN_UNUSED_FUNCTION = YES;
				GCC_WARN_UNUSED_VARIABLE = YES;
				IPHONEOS_DEPLOYMENT_TARGET = 11.2;
				MTL_ENABLE_DEBUG_INFO = YES;
				ONLY_ACTIVE_ARCH = YES;
				SDKROOT = iphoneos;
				SWIFT_ACTIVE_COMPILATION_CONDITIONS = DEBUG;
				SWIFT_OPTIMIZATION_LEVEL = "-Onone";
			};
			name = Debug;
		};
		A30BFEAA205FA7E2009BD21F /* Release */ = {
			isa = XCBuildConfiguration;
			buildSettings = {
				ALWAYS_SEARCH_USER_PATHS = NO;
				CLANG_ANALYZER_NONNULL = YES;
				CLANG_ANALYZER_NUMBER_OBJECT_CONVERSION = YES_AGGRESSIVE;
				CLANG_CXX_LANGUAGE_STANDARD = "gnu++14";
				CLANG_CXX_LIBRARY = "libc++";
				CLANG_ENABLE_MODULES = YES;
				CLANG_ENABLE_OBJC_ARC = YES;
				CLANG_WARN_BLOCK_CAPTURE_AUTORELEASING = YES;
				CLANG_WARN_BOOL_CONVERSION = YES;
				CLANG_WARN_COMMA = YES;
				CLANG_WARN_CONSTANT_CONVERSION = YES;
				CLANG_WARN_DIRECT_OBJC_ISA_USAGE = YES_ERROR;
				CLANG_WARN_DOCUMENTATION_COMMENTS = YES;
				CLANG_WARN_EMPTY_BODY = YES;
				CLANG_WARN_ENUM_CONVERSION = YES;
				CLANG_WARN_INFINITE_RECURSION = YES;
				CLANG_WARN_INT_CONVERSION = YES;
				CLANG_WARN_NON_LITERAL_NULL_CONVERSION = YES;
				CLANG_WARN_OBJC_LITERAL_CONVERSION = YES;
				CLANG_WARN_OBJC_ROOT_CLASS = YES_ERROR;
				CLANG_WARN_RANGE_LOOP_ANALYSIS = YES;
				CLANG_WARN_STRICT_PROTOTYPES = YES;
				CLANG_WARN_SUSPICIOUS_MOVE = YES;
				CLANG_WARN_UNGUARDED_AVAILABILITY = YES_AGGRESSIVE;
				CLANG_WARN_UNREACHABLE_CODE = YES;
				CLANG_WARN__DUPLICATE_METHOD_MATCH = YES;
				CODE_SIGN_IDENTITY = "iPhone Developer";
				COPY_PHASE_STRIP = NO;
				DEBUG_INFORMATION_FORMAT = "dwarf-with-dsym";
				ENABLE_NS_ASSERTIONS = NO;
				ENABLE_STRICT_OBJC_MSGSEND = YES;
				GCC_C_LANGUAGE_STANDARD = gnu11;
				GCC_NO_COMMON_BLOCKS = YES;
				GCC_WARN_64_TO_32_BIT_CONVERSION = YES;
				GCC_WARN_ABOUT_RETURN_TYPE = YES_ERROR;
				GCC_WARN_UNDECLARED_SELECTOR = YES;
				GCC_WARN_UNINITIALIZED_AUTOS = YES_AGGRESSIVE;
				GCC_WARN_UNUSED_FUNCTION = YES;
				GCC_WARN_UNUSED_VARIABLE = YES;
				IPHONEOS_DEPLOYMENT_TARGET = 11.2;
				MTL_ENABLE_DEBUG_INFO = NO;
				SDKROOT = iphoneos;
				SWIFT_OPTIMIZATION_LEVEL = "-Owholemodule";
				VALIDATE_PRODUCT = YES;
			};
			name = Release;
		};
		A30BFEAC205FA7E2009BD21F /* Debug */ = {
			isa = XCBuildConfiguration;
			buildSettings = {
				ASSETCATALOG_COMPILER_APPICON_NAME = AppIcon;
				CODE_SIGN_STYLE = Manual;
				DEVELOPMENT_TEAM = YY436C6JF2;
				INFOPLIST_FILE = MusicApp/Info.plist;
				IPHONEOS_DEPLOYMENT_TARGET = 10.0;
				LD_RUNPATH_SEARCH_PATHS = "$(inherited) @executable_path/Frameworks";
				PRODUCT_BUNDLE_IDENTIFIER = com.bmsils.MusicApp;
				PRODUCT_NAME = "$(TARGET_NAME)";
				PROVISIONING_PROFILE = "d8eb03c0-9fe0-49a8-869d-746b96815bd7";
				PROVISIONING_PROFILE_SPECIFIER = "Wildcard Development Provisioning Profile";
				SWIFT_VERSION = 4.0;
				TARGETED_DEVICE_FAMILY = "1,2";
			};
			name = Debug;
		};
		A30BFEAD205FA7E2009BD21F /* Release */ = {
			isa = XCBuildConfiguration;
			buildSettings = {
				ASSETCATALOG_COMPILER_APPICON_NAME = AppIcon;
				CODE_SIGN_STYLE = Manual;
				DEVELOPMENT_TEAM = YY436C6JF2;
				INFOPLIST_FILE = MusicApp/Info.plist;
				IPHONEOS_DEPLOYMENT_TARGET = 10.0;
				LD_RUNPATH_SEARCH_PATHS = "$(inherited) @executable_path/Frameworks";
				PRODUCT_BUNDLE_IDENTIFIER = com.bmsils.MusicApp;
				PRODUCT_NAME = "$(TARGET_NAME)";
				PROVISIONING_PROFILE = "d8eb03c0-9fe0-49a8-869d-746b96815bd7";
				PROVISIONING_PROFILE_SPECIFIER = "Wildcard Development Provisioning Profile";
				SWIFT_VERSION = 4.0;
				TARGETED_DEVICE_FAMILY = "1,2";
			};
			name = Release;
		};
		A30BFEAF205FA7E2009BD21F /* Debug */ = {
			isa = XCBuildConfiguration;
			buildSettings = {
				ALWAYS_EMBED_SWIFT_STANDARD_LIBRARIES = YES;
				CODE_SIGN_STYLE = Automatic;
				DEVELOPMENT_TEAM = YY436C6JF2;
				INFOPLIST_FILE = MusicAppUITests/Info.plist;
				LD_RUNPATH_SEARCH_PATHS = "$(inherited) @executable_path/Frameworks @loader_path/Frameworks";
				PRODUCT_BUNDLE_IDENTIFIER = com.bmsils.MusicAppUITests;
				PRODUCT_NAME = "$(TARGET_NAME)";
				SWIFT_VERSION = 4.0;
				TARGETED_DEVICE_FAMILY = "1,2";
				TEST_TARGET_NAME = MusicApp;
			};
			name = Debug;
		};
		A30BFEB0205FA7E2009BD21F /* Release */ = {
			isa = XCBuildConfiguration;
			buildSettings = {
				ALWAYS_EMBED_SWIFT_STANDARD_LIBRARIES = YES;
				CODE_SIGN_STYLE = Automatic;
				DEVELOPMENT_TEAM = YY436C6JF2;
				INFOPLIST_FILE = MusicAppUITests/Info.plist;
				LD_RUNPATH_SEARCH_PATHS = "$(inherited) @executable_path/Frameworks @loader_path/Frameworks";
				PRODUCT_BUNDLE_IDENTIFIER = com.bmsils.MusicAppUITests;
				PRODUCT_NAME = "$(TARGET_NAME)";
				SWIFT_VERSION = 4.0;
				TARGETED_DEVICE_FAMILY = "1,2";
				TEST_TARGET_NAME = MusicApp;
			};
			name = Release;
		};
/* End XCBuildConfiguration section */

/* Begin XCConfigurationList section */
		A30BFE89205FA7E2009BD21F /* Build configuration list for PBXProject "MusicApp" */ = {
			isa = XCConfigurationList;
			buildConfigurations = (
				A30BFEA9205FA7E2009BD21F /* Debug */,
				A30BFEAA205FA7E2009BD21F /* Release */,
			);
			defaultConfigurationIsVisible = 0;
			defaultConfigurationName = Release;
		};
		A30BFEAB205FA7E2009BD21F /* Build configuration list for PBXNativeTarget "MusicApp" */ = {
			isa = XCConfigurationList;
			buildConfigurations = (
				A30BFEAC205FA7E2009BD21F /* Debug */,
				A30BFEAD205FA7E2009BD21F /* Release */,
			);
			defaultConfigurationIsVisible = 0;
			defaultConfigurationName = Release;
		};
		A30BFEAE205FA7E2009BD21F /* Build configuration list for PBXNativeTarget "MusicAppUITests" */ = {
			isa = XCConfigurationList;
			buildConfigurations = (
				A30BFEAF205FA7E2009BD21F /* Debug */,
				A30BFEB0205FA7E2009BD21F /* Release */,
			);
			defaultConfigurationIsVisible = 0;
			defaultConfigurationName = Release;
		};
/* End XCConfigurationList section */
	};
	rootObject = A30BFE86205FA7E2009BD21F /* Project object */;
}
